// !$*UTF8*$!
{
	archiveVersion = 1;
	classes = {
	};
	objectVersion = 46;
	objects = {

/* Begin PBXBuildFile section */
		5A4BF5831AB4B333003E9E42 /* AllEventsViewController.swift in Sources */ = {isa = PBXBuildFile; fileRef = 5A4BF5821AB4B333003E9E42 /* AllEventsViewController.swift */; };
		5A4BF5851AB4D5DF003E9E42 /* EventCell.swift in Sources */ = {isa = PBXBuildFile; fileRef = 5A4BF5841AB4D5DF003E9E42 /* EventCell.swift */; };
		5A4BF5871AB4EBA5003E9E42 /* AddEventViewController.swift in Sources */ = {isa = PBXBuildFile; fileRef = 5A4BF5861AB4EBA5003E9E42 /* AddEventViewController.swift */; };
		5A4BF5A01AB64008003E9E42 /* UIImage+UzysExtension.m in Sources */ = {isa = PBXBuildFile; fileRef = 5A4BF5901AB64008003E9E42 /* UIImage+UzysExtension.m */; };
		5A4BF5A11AB64008003E9E42 /* UzysAppearanceConfig.m in Sources */ = {isa = PBXBuildFile; fileRef = 5A4BF5921AB64008003E9E42 /* UzysAppearanceConfig.m */; };
		5A4BF5A21AB64008003E9E42 /* UzysAssetPickerController.bundle in Resources */ = {isa = PBXBuildFile; fileRef = 5A4BF5931AB64008003E9E42 /* UzysAssetPickerController.bundle */; };
		5A4BF5A31AB64008003E9E42 /* UzysAssetsPickerController.m in Sources */ = {isa = PBXBuildFile; fileRef = 5A4BF5951AB64008003E9E42 /* UzysAssetsPickerController.m */; };
		5A4BF5A41AB64008003E9E42 /* UzysAssetsPickerController.xib in Resources */ = {isa = PBXBuildFile; fileRef = 5A4BF5961AB64008003E9E42 /* UzysAssetsPickerController.xib */; };
		5A4BF5A51AB64008003E9E42 /* UzysAssetsViewCell.m in Sources */ = {isa = PBXBuildFile; fileRef = 5A4BF5991AB64008003E9E42 /* UzysAssetsViewCell.m */; };
		5A4BF5A61AB64008003E9E42 /* UzysGroupPickerView.m in Sources */ = {isa = PBXBuildFile; fileRef = 5A4BF59B1AB64008003E9E42 /* UzysGroupPickerView.m */; };
		5A4BF5A71AB64008003E9E42 /* UzysGroupViewCell.m in Sources */ = {isa = PBXBuildFile; fileRef = 5A4BF59D1AB64008003E9E42 /* UzysGroupViewCell.m */; };
		5A4BF5A81AB64008003E9E42 /* UzysWrapperPickerController.m in Sources */ = {isa = PBXBuildFile; fileRef = 5A4BF59F1AB64008003E9E42 /* UzysWrapperPickerController.m */; };
		5A4BF5AD1AB65184003E9E42 /* UzysAssetsPickerController.h in Sources */ = {isa = PBXBuildFile; fileRef = 5A4BF5941AB64008003E9E42 /* UzysAssetsPickerController.h */; };
		5AB8FD0F1AB49F6100FB5B75 /* AppDelegate.swift in Sources */ = {isa = PBXBuildFile; fileRef = 5AB8FD0E1AB49F6100FB5B75 /* AppDelegate.swift */; };
		5AB8FD111AB49F6100FB5B75 /* SignInViewController.swift in Sources */ = {isa = PBXBuildFile; fileRef = 5AB8FD101AB49F6100FB5B75 /* SignInViewController.swift */; };
		5AB8FD141AB49F6100FB5B75 /* Main.storyboard in Resources */ = {isa = PBXBuildFile; fileRef = 5AB8FD121AB49F6100FB5B75 /* Main.storyboard */; };
		5AB8FD161AB49F6100FB5B75 /* Images.xcassets in Resources */ = {isa = PBXBuildFile; fileRef = 5AB8FD151AB49F6100FB5B75 /* Images.xcassets */; };
		5AB8FD191AB49F6100FB5B75 /* LaunchScreen.xib in Resources */ = {isa = PBXBuildFile; fileRef = 5AB8FD171AB49F6100FB5B75 /* LaunchScreen.xib */; };
		5AB8FD251AB49F6100FB5B75 /* PhotoCloud_EventManagerTests.swift in Sources */ = {isa = PBXBuildFile; fileRef = 5AB8FD241AB49F6100FB5B75 /* PhotoCloud_EventManagerTests.swift */; };
		C568811F1AB4EF6C001073F6 /* EventsModel.xcdatamodeld in Sources */ = {isa = PBXBuildFile; fileRef = C568811D1AB4EF6C001073F6 /* EventsModel.xcdatamodeld */; };
		C5D4F16E1ABDDA8B00193538 /* DataManager.swift in Sources */ = {isa = PBXBuildFile; fileRef = C5D4F16D1ABDDA8B00193538 /* DataManager.swift */; };
		C5D4F1701ABDDD4400193538 /* UIImage+Color.swift in Sources */ = {isa = PBXBuildFile; fileRef = C5D4F16F1ABDDD4400193538 /* UIImage+Color.swift */; };
		C5E38C641AB60A4400EB8362 /* CoreData.framework in Frameworks */ = {isa = PBXBuildFile; fileRef = C5E38C631AB60A4400EB8362 /* CoreData.framework */; };
		C5E38C661AB60ECE00EB8362 /* EventInfo.swift in Sources */ = {isa = PBXBuildFile; fileRef = C5E38C651AB60ECE00EB8362 /* EventInfo.swift */; };
		C5E38C681AB60F8100EB8362 /* EventLocation.swift in Sources */ = {isa = PBXBuildFile; fileRef = C5E38C671AB60F8100EB8362 /* EventLocation.swift */; };
		C5E38C6A1AB625EA00EB8362 /* CustomSingleEventViewController.swift in Sources */ = {isa = PBXBuildFile; fileRef = C5E38C691AB625EA00EB8362 /* CustomSingleEventViewController.swift */; };
		C5E38C6C1AB6262A00EB8362 /* SingleEventPhotoCell.swift in Sources */ = {isa = PBXBuildFile; fileRef = C5E38C6B1AB6262A00EB8362 /* SingleEventPhotoCell.swift */; };
/* End PBXBuildFile section */

/* Begin PBXContainerItemProxy section */
		5AB8FD1F1AB49F6100FB5B75 /* PBXContainerItemProxy */ = {
			isa = PBXContainerItemProxy;
			containerPortal = 5AB8FD011AB49F6000FB5B75 /* Project object */;
			proxyType = 1;
			remoteGlobalIDString = 5AB8FD081AB49F6000FB5B75;
			remoteInfo = "PhotoCloud-EventManager";
		};
/* End PBXContainerItemProxy section */

/* Begin PBXFileReference section */
		5A4BF5821AB4B333003E9E42 /* AllEventsViewController.swift */ = {isa = PBXFileReference; fileEncoding = 4; lastKnownFileType = sourcecode.swift; path = AllEventsViewController.swift; sourceTree = "<group>"; };
		5A4BF5841AB4D5DF003E9E42 /* EventCell.swift */ = {isa = PBXFileReference; fileEncoding = 4; lastKnownFileType = sourcecode.swift; path = EventCell.swift; sourceTree = "<group>"; };
		5A4BF5861AB4EBA5003E9E42 /* AddEventViewController.swift */ = {isa = PBXFileReference; fileEncoding = 4; lastKnownFileType = sourcecode.swift; path = AddEventViewController.swift; sourceTree = "<group>"; };
		5A4BF58F1AB64008003E9E42 /* UIImage+UzysExtension.h */ = {isa = PBXFileReference; fileEncoding = 4; lastKnownFileType = sourcecode.c.h; path = "UIImage+UzysExtension.h"; sourceTree = "<group>"; };
		5A4BF5901AB64008003E9E42 /* UIImage+UzysExtension.m */ = {isa = PBXFileReference; fileEncoding = 4; lastKnownFileType = sourcecode.c.objc; path = "UIImage+UzysExtension.m"; sourceTree = "<group>"; };
		5A4BF5911AB64008003E9E42 /* UzysAppearanceConfig.h */ = {isa = PBXFileReference; fileEncoding = 4; lastKnownFileType = sourcecode.c.h; path = UzysAppearanceConfig.h; sourceTree = "<group>"; };
		5A4BF5921AB64008003E9E42 /* UzysAppearanceConfig.m */ = {isa = PBXFileReference; fileEncoding = 4; lastKnownFileType = sourcecode.c.objc; path = UzysAppearanceConfig.m; sourceTree = "<group>"; };
		5A4BF5931AB64008003E9E42 /* UzysAssetPickerController.bundle */ = {isa = PBXFileReference; lastKnownFileType = "wrapper.plug-in"; path = UzysAssetPickerController.bundle; sourceTree = "<group>"; };
		5A4BF5941AB64008003E9E42 /* UzysAssetsPickerController.h */ = {isa = PBXFileReference; fileEncoding = 4; lastKnownFileType = sourcecode.c.h; path = UzysAssetsPickerController.h; sourceTree = "<group>"; };
		5A4BF5951AB64008003E9E42 /* UzysAssetsPickerController.m */ = {isa = PBXFileReference; fileEncoding = 4; lastKnownFileType = sourcecode.c.objc; path = UzysAssetsPickerController.m; sourceTree = "<group>"; };
		5A4BF5961AB64008003E9E42 /* UzysAssetsPickerController.xib */ = {isa = PBXFileReference; fileEncoding = 4; lastKnownFileType = file.xib; path = UzysAssetsPickerController.xib; sourceTree = "<group>"; };
		5A4BF5971AB64008003E9E42 /* UzysAssetsPickerController_Configuration.h */ = {isa = PBXFileReference; fileEncoding = 4; lastKnownFileType = sourcecode.c.h; path = UzysAssetsPickerController_Configuration.h; sourceTree = "<group>"; };
		5A4BF5981AB64008003E9E42 /* UzysAssetsViewCell.h */ = {isa = PBXFileReference; fileEncoding = 4; lastKnownFileType = sourcecode.c.h; path = UzysAssetsViewCell.h; sourceTree = "<group>"; };
		5A4BF5991AB64008003E9E42 /* UzysAssetsViewCell.m */ = {isa = PBXFileReference; fileEncoding = 4; lastKnownFileType = sourcecode.c.objc; path = UzysAssetsViewCell.m; sourceTree = "<group>"; };
		5A4BF59A1AB64008003E9E42 /* UzysGroupPickerView.h */ = {isa = PBXFileReference; fileEncoding = 4; lastKnownFileType = sourcecode.c.h; path = UzysGroupPickerView.h; sourceTree = "<group>"; };
		5A4BF59B1AB64008003E9E42 /* UzysGroupPickerView.m */ = {isa = PBXFileReference; fileEncoding = 4; lastKnownFileType = sourcecode.c.objc; path = UzysGroupPickerView.m; sourceTree = "<group>"; };
		5A4BF59C1AB64008003E9E42 /* UzysGroupViewCell.h */ = {isa = PBXFileReference; fileEncoding = 4; lastKnownFileType = sourcecode.c.h; path = UzysGroupViewCell.h; sourceTree = "<group>"; };
		5A4BF59D1AB64008003E9E42 /* UzysGroupViewCell.m */ = {isa = PBXFileReference; fileEncoding = 4; lastKnownFileType = sourcecode.c.objc; path = UzysGroupViewCell.m; sourceTree = "<group>"; };
		5A4BF59E1AB64008003E9E42 /* UzysWrapperPickerController.h */ = {isa = PBXFileReference; fileEncoding = 4; lastKnownFileType = sourcecode.c.h; path = UzysWrapperPickerController.h; sourceTree = "<group>"; };
		5A4BF59F1AB64008003E9E42 /* UzysWrapperPickerController.m */ = {isa = PBXFileReference; fileEncoding = 4; lastKnownFileType = sourcecode.c.objc; path = UzysWrapperPickerController.m; sourceTree = "<group>"; };
		5A4BF5AC1AB6451B003E9E42 /* PhotoCloud-EventManager-Bridging-Header.h */ = {isa = PBXFileReference; lastKnownFileType = sourcecode.c.h; path = "PhotoCloud-EventManager-Bridging-Header.h"; sourceTree = "<group>"; };
		5AB8FD091AB49F6000FB5B75 /* PhotoCloud-EventManager.app */ = {isa = PBXFileReference; explicitFileType = wrapper.application; includeInIndex = 0; path = "PhotoCloud-EventManager.app"; sourceTree = BUILT_PRODUCTS_DIR; };
		5AB8FD0D1AB49F6100FB5B75 /* Info.plist */ = {isa = PBXFileReference; lastKnownFileType = text.plist.xml; path = Info.plist; sourceTree = "<group>"; };
		5AB8FD0E1AB49F6100FB5B75 /* AppDelegate.swift */ = {isa = PBXFileReference; lastKnownFileType = sourcecode.swift; path = AppDelegate.swift; sourceTree = "<group>"; };
		5AB8FD101AB49F6100FB5B75 /* SignInViewController.swift */ = {isa = PBXFileReference; lastKnownFileType = sourcecode.swift; path = SignInViewController.swift; sourceTree = "<group>"; };
		5AB8FD131AB49F6100FB5B75 /* Base */ = {isa = PBXFileReference; lastKnownFileType = file.storyboard; name = Base; path = Base.lproj/Main.storyboard; sourceTree = "<group>"; };
		5AB8FD151AB49F6100FB5B75 /* Images.xcassets */ = {isa = PBXFileReference; lastKnownFileType = folder.assetcatalog; path = Images.xcassets; sourceTree = "<group>"; };
		5AB8FD181AB49F6100FB5B75 /* Base */ = {isa = PBXFileReference; lastKnownFileType = file.xib; name = Base; path = Base.lproj/LaunchScreen.xib; sourceTree = "<group>"; };
		5AB8FD1E1AB49F6100FB5B75 /* PhotoCloud-EventManagerTests.xctest */ = {isa = PBXFileReference; explicitFileType = wrapper.cfbundle; includeInIndex = 0; path = "PhotoCloud-EventManagerTests.xctest"; sourceTree = BUILT_PRODUCTS_DIR; };
		5AB8FD231AB49F6100FB5B75 /* Info.plist */ = {isa = PBXFileReference; lastKnownFileType = text.plist.xml; path = Info.plist; sourceTree = "<group>"; };
		5AB8FD241AB49F6100FB5B75 /* PhotoCloud_EventManagerTests.swift */ = {isa = PBXFileReference; lastKnownFileType = sourcecode.swift; path = PhotoCloud_EventManagerTests.swift; sourceTree = "<group>"; };
		C568811E1AB4EF6C001073F6 /* EventsModel.xcdatamodel */ = {isa = PBXFileReference; lastKnownFileType = wrapper.xcdatamodel; path = EventsModel.xcdatamodel; sourceTree = "<group>"; };
		C5D4F16D1ABDDA8B00193538 /* DataManager.swift */ = {isa = PBXFileReference; fileEncoding = 4; lastKnownFileType = sourcecode.swift; path = DataManager.swift; sourceTree = "<group>"; };
		C5D4F16F1ABDDD4400193538 /* UIImage+Color.swift */ = {isa = PBXFileReference; fileEncoding = 4; lastKnownFileType = sourcecode.swift; path = "UIImage+Color.swift"; sourceTree = "<group>"; };
		C5E38C631AB60A4400EB8362 /* CoreData.framework */ = {isa = PBXFileReference; lastKnownFileType = wrapper.framework; name = CoreData.framework; path = System/Library/Frameworks/CoreData.framework; sourceTree = SDKROOT; };
		C5E38C651AB60ECE00EB8362 /* EventInfo.swift */ = {isa = PBXFileReference; fileEncoding = 4; lastKnownFileType = sourcecode.swift; path = EventInfo.swift; sourceTree = "<group>"; };
		C5E38C671AB60F8100EB8362 /* EventLocation.swift */ = {isa = PBXFileReference; fileEncoding = 4; lastKnownFileType = sourcecode.swift; path = EventLocation.swift; sourceTree = "<group>"; };
		C5E38C691AB625EA00EB8362 /* CustomSingleEventViewController.swift */ = {isa = PBXFileReference; fileEncoding = 4; lastKnownFileType = sourcecode.swift; path = CustomSingleEventViewController.swift; sourceTree = "<group>"; };
		C5E38C6B1AB6262A00EB8362 /* SingleEventPhotoCell.swift */ = {isa = PBXFileReference; fileEncoding = 4; lastKnownFileType = sourcecode.swift; path = SingleEventPhotoCell.swift; sourceTree = "<group>"; };
/* End PBXFileReference section */

/* Begin PBXFrameworksBuildPhase section */
		5AB8FD061AB49F6000FB5B75 /* Frameworks */ = {
			isa = PBXFrameworksBuildPhase;
			buildActionMask = 2147483647;
			files = (
				C5E38C641AB60A4400EB8362 /* CoreData.framework in Frameworks */,
			);
			runOnlyForDeploymentPostprocessing = 0;
		};
		5AB8FD1B1AB49F6100FB5B75 /* Frameworks */ = {
			isa = PBXFrameworksBuildPhase;
			buildActionMask = 2147483647;
			files = (
			);
			runOnlyForDeploymentPostprocessing = 0;
		};
/* End PBXFrameworksBuildPhase section */

/* Begin PBXGroup section */
		5A4BF5881AB4F0FF003E9E42 /* ViewControllers */ = {
			isa = PBXGroup;
			children = (
				5AB8FD101AB49F6100FB5B75 /* SignInViewController.swift */,
				5A4BF5861AB4EBA5003E9E42 /* AddEventViewController.swift */,
				5A4BF5821AB4B333003E9E42 /* AllEventsViewController.swift */,
				C5E38C691AB625EA00EB8362 /* CustomSingleEventViewController.swift */,
			);
			name = ViewControllers;
			sourceTree = "<group>";
		};
		5A4BF5891AB4F116003E9E42 /* Views */ = {
			isa = PBXGroup;
			children = (
				5A4BF5841AB4D5DF003E9E42 /* EventCell.swift */,
				C5E38C6B1AB6262A00EB8362 /* SingleEventPhotoCell.swift */,
			);
			name = Views;
			sourceTree = "<group>";
		};
		5A4BF58E1AB64008003E9E42 /* PhotosPickerLibrary */ = {
			isa = PBXGroup;
			children = (
				5A4BF58F1AB64008003E9E42 /* UIImage+UzysExtension.h */,
				5A4BF5901AB64008003E9E42 /* UIImage+UzysExtension.m */,
				5A4BF5911AB64008003E9E42 /* UzysAppearanceConfig.h */,
				5A4BF5921AB64008003E9E42 /* UzysAppearanceConfig.m */,
				5A4BF5931AB64008003E9E42 /* UzysAssetPickerController.bundle */,
				5A4BF5941AB64008003E9E42 /* UzysAssetsPickerController.h */,
				5A4BF5951AB64008003E9E42 /* UzysAssetsPickerController.m */,
				5A4BF5961AB64008003E9E42 /* UzysAssetsPickerController.xib */,
				5A4BF5971AB64008003E9E42 /* UzysAssetsPickerController_Configuration.h */,
				5A4BF5981AB64008003E9E42 /* UzysAssetsViewCell.h */,
				5A4BF5991AB64008003E9E42 /* UzysAssetsViewCell.m */,
				5A4BF59A1AB64008003E9E42 /* UzysGroupPickerView.h */,
				5A4BF59B1AB64008003E9E42 /* UzysGroupPickerView.m */,
				5A4BF59C1AB64008003E9E42 /* UzysGroupViewCell.h */,
				5A4BF59D1AB64008003E9E42 /* UzysGroupViewCell.m */,
				5A4BF59E1AB64008003E9E42 /* UzysWrapperPickerController.h */,
				5A4BF59F1AB64008003E9E42 /* UzysWrapperPickerController.m */,
			);
			path = PhotosPickerLibrary;
			sourceTree = "<group>";
		};
		5AB8FD001AB49F6000FB5B75 = {
			isa = PBXGroup;
			children = (
				C5E38C631AB60A4400EB8362 /* CoreData.framework */,
				5AB8FD0B1AB49F6100FB5B75 /* PhotoCloud-EventManager */,
				5AB8FD211AB49F6100FB5B75 /* PhotoCloud-EventManagerTests */,
				5AB8FD0A1AB49F6000FB5B75 /* Products */,
			);
			sourceTree = "<group>";
		};
		5AB8FD0A1AB49F6000FB5B75 /* Products */ = {
			isa = PBXGroup;
			children = (
				5AB8FD091AB49F6000FB5B75 /* PhotoCloud-EventManager.app */,
				5AB8FD1E1AB49F6100FB5B75 /* PhotoCloud-EventManagerTests.xctest */,
			);
			name = Products;
			sourceTree = "<group>";
		};
		5AB8FD0B1AB49F6100FB5B75 /* PhotoCloud-EventManager */ = {
			isa = PBXGroup;
			children = (
				5AB8FD0E1AB49F6100FB5B75 /* AppDelegate.swift */,
				5A4BF58E1AB64008003E9E42 /* PhotosPickerLibrary */,
				5A4BF5891AB4F116003E9E42 /* Views */,
				5A4BF5881AB4F0FF003E9E42 /* ViewControllers */,
				C5D4F16C1ABDD9D200193538 /* Models */,
				5AB8FD121AB49F6100FB5B75 /* Main.storyboard */,
				5AB8FD171AB49F6100FB5B75 /* LaunchScreen.xib */,
				5AB8FD151AB49F6100FB5B75 /* Images.xcassets */,
				5AB8FD0C1AB49F6100FB5B75 /* Supporting Files */,
				C568811D1AB4EF6C001073F6 /* EventsModel.xcdatamodeld */,
				5A4BF5AC1AB6451B003E9E42 /* PhotoCloud-EventManager-Bridging-Header.h */,
				C5D4F16D1ABDDA8B00193538 /* DataManager.swift */,
				C5D4F16F1ABDDD4400193538 /* UIImage+Color.swift */,
			);
			path = "PhotoCloud-EventManager";
			sourceTree = "<group>";
		};
		5AB8FD0C1AB49F6100FB5B75 /* Supporting Files */ = {
			isa = PBXGroup;
			children = (
				5AB8FD0D1AB49F6100FB5B75 /* Info.plist */,
			);
			name = "Supporting Files";
			sourceTree = "<group>";
		};
		5AB8FD211AB49F6100FB5B75 /* PhotoCloud-EventManagerTests */ = {
			isa = PBXGroup;
			children = (
				5AB8FD241AB49F6100FB5B75 /* PhotoCloud_EventManagerTests.swift */,
				5AB8FD221AB49F6100FB5B75 /* Supporting Files */,
			);
			path = "PhotoCloud-EventManagerTests";
			sourceTree = "<group>";
		};
		5AB8FD221AB49F6100FB5B75 /* Supporting Files */ = {
			isa = PBXGroup;
			children = (
				5AB8FD231AB49F6100FB5B75 /* Info.plist */,
			);
			name = "Supporting Files";
			sourceTree = "<group>";
		};
		C5D4F16C1ABDD9D200193538 /* Models */ = {
			isa = PBXGroup;
			children = (
				C5E38C651AB60ECE00EB8362 /* EventInfo.swift */,
				C5E38C671AB60F8100EB8362 /* EventLocation.swift */,
			);
			name = Models;
			sourceTree = "<group>";
		};
/* End PBXGroup section */

/* Begin PBXNativeTarget section */
		5AB8FD081AB49F6000FB5B75 /* PhotoCloud-EventManager */ = {
			isa = PBXNativeTarget;
			buildConfigurationList = 5AB8FD281AB49F6100FB5B75 /* Build configuration list for PBXNativeTarget "PhotoCloud-EventManager" */;
			buildPhases = (
				5AB8FD051AB49F6000FB5B75 /* Sources */,
				5AB8FD061AB49F6000FB5B75 /* Frameworks */,
				5AB8FD071AB49F6000FB5B75 /* Resources */,
			);
			buildRules = (
			);
			dependencies = (
			);
			name = "PhotoCloud-EventManager";
			productName = "PhotoCloud-EventManager";
			productReference = 5AB8FD091AB49F6000FB5B75 /* PhotoCloud-EventManager.app */;
			productType = "com.apple.product-type.application";
		};
		5AB8FD1D1AB49F6100FB5B75 /* PhotoCloud-EventManagerTests */ = {
			isa = PBXNativeTarget;
			buildConfigurationList = 5AB8FD2B1AB49F6100FB5B75 /* Build configuration list for PBXNativeTarget "PhotoCloud-EventManagerTests" */;
			buildPhases = (
				5AB8FD1A1AB49F6100FB5B75 /* Sources */,
				5AB8FD1B1AB49F6100FB5B75 /* Frameworks */,
				5AB8FD1C1AB49F6100FB5B75 /* Resources */,
			);
			buildRules = (
			);
			dependencies = (
				5AB8FD201AB49F6100FB5B75 /* PBXTargetDependency */,
			);
			name = "PhotoCloud-EventManagerTests";
			productName = "PhotoCloud-EventManagerTests";
			productReference = 5AB8FD1E1AB49F6100FB5B75 /* PhotoCloud-EventManagerTests.xctest */;
			productType = "com.apple.product-type.bundle.unit-test";
		};
/* End PBXNativeTarget section */

/* Begin PBXProject section */
		5AB8FD011AB49F6000FB5B75 /* Project object */ = {
			isa = PBXProject;
			attributes = {
				LastUpgradeCheck = 0610;
				ORGANIZATIONNAME = "Sally Yang Jing Ou";
				TargetAttributes = {
					5AB8FD081AB49F6000FB5B75 = {
						CreatedOnToolsVersion = 6.1.1;
					};
					5AB8FD1D1AB49F6100FB5B75 = {
						CreatedOnToolsVersion = 6.1.1;
						TestTargetID = 5AB8FD081AB49F6000FB5B75;
					};
				};
			};
			buildConfigurationList = 5AB8FD041AB49F6000FB5B75 /* Build configuration list for PBXProject "PhotoCloud-EventManager" */;
			compatibilityVersion = "Xcode 3.2";
			developmentRegion = English;
			hasScannedForEncodings = 0;
			knownRegions = (
				en,
				Base,
			);
			mainGroup = 5AB8FD001AB49F6000FB5B75;
			productRefGroup = 5AB8FD0A1AB49F6000FB5B75 /* Products */;
			projectDirPath = "";
			projectRoot = "";
			targets = (
				5AB8FD081AB49F6000FB5B75 /* PhotoCloud-EventManager */,
				5AB8FD1D1AB49F6100FB5B75 /* PhotoCloud-EventManagerTests */,
			);
		};
/* End PBXProject section */

/* Begin PBXResourcesBuildPhase section */
		5AB8FD071AB49F6000FB5B75 /* Resources */ = {
			isa = PBXResourcesBuildPhase;
			buildActionMask = 2147483647;
			files = (
				5AB8FD141AB49F6100FB5B75 /* Main.storyboard in Resources */,
				5AB8FD191AB49F6100FB5B75 /* LaunchScreen.xib in Resources */,
				5A4BF5A41AB64008003E9E42 /* UzysAssetsPickerController.xib in Resources */,
				5A4BF5A21AB64008003E9E42 /* UzysAssetPickerController.bundle in Resources */,
				5AB8FD161AB49F6100FB5B75 /* Images.xcassets in Resources */,
			);
			runOnlyForDeploymentPostprocessing = 0;
		};
		5AB8FD1C1AB49F6100FB5B75 /* Resources */ = {
			isa = PBXResourcesBuildPhase;
			buildActionMask = 2147483647;
			files = (
			);
			runOnlyForDeploymentPostprocessing = 0;
		};
/* End PBXResourcesBuildPhase section */

/* Begin PBXSourcesBuildPhase section */
		5AB8FD051AB49F6000FB5B75 /* Sources */ = {
			isa = PBXSourcesBuildPhase;
			buildActionMask = 2147483647;
			files = (
				5A4BF5AD1AB65184003E9E42 /* UzysAssetsPickerController.h in Sources */,
				5A4BF5851AB4D5DF003E9E42 /* EventCell.swift in Sources */,
				5A4BF5A71AB64008003E9E42 /* UzysGroupViewCell.m in Sources */,
				C5E38C6A1AB625EA00EB8362 /* CustomSingleEventViewController.swift in Sources */,
				C5E38C681AB60F8100EB8362 /* EventLocation.swift in Sources */,
				5A4BF5A01AB64008003E9E42 /* UIImage+UzysExtension.m in Sources */,
				5A4BF5A51AB64008003E9E42 /* UzysAssetsViewCell.m in Sources */,
				5A4BF5871AB4EBA5003E9E42 /* AddEventViewController.swift in Sources */,
				5A4BF5831AB4B333003E9E42 /* AllEventsViewController.swift in Sources */,
				5A4BF5A81AB64008003E9E42 /* UzysWrapperPickerController.m in Sources */,
				5A4BF5A31AB64008003E9E42 /* UzysAssetsPickerController.m in Sources */,
				5AB8FD111AB49F6100FB5B75 /* SignInViewController.swift in Sources */,
				C568811F1AB4EF6C001073F6 /* EventsModel.xcdatamodeld in Sources */,
				5AB8FD0F1AB49F6100FB5B75 /* AppDelegate.swift in Sources */,
				C5D4F16E1ABDDA8B00193538 /* DataManager.swift in Sources */,
				C5E38C661AB60ECE00EB8362 /* EventInfo.swift in Sources */,
				5A4BF5A61AB64008003E9E42 /* UzysGroupPickerView.m in Sources */,
				C5D4F1701ABDDD4400193538 /* UIImage+Color.swift in Sources */,
				5A4BF5A11AB64008003E9E42 /* UzysAppearanceConfig.m in Sources */,
				C5E38C6C1AB6262A00EB8362 /* SingleEventPhotoCell.swift in Sources */,
			);
			runOnlyForDeploymentPostprocessing = 0;
		};
		5AB8FD1A1AB49F6100FB5B75 /* Sources */ = {
			isa = PBXSourcesBuildPhase;
			buildActionMask = 2147483647;
			files = (
				5AB8FD251AB49F6100FB5B75 /* PhotoCloud_EventManagerTests.swift in Sources */,
			);
			runOnlyForDeploymentPostprocessing = 0;
		};
/* End PBXSourcesBuildPhase section */

/* Begin PBXTargetDependency section */
		5AB8FD201AB49F6100FB5B75 /* PBXTargetDependency */ = {
			isa = PBXTargetDependency;
			target = 5AB8FD081AB49F6000FB5B75 /* PhotoCloud-EventManager */;
			targetProxy = 5AB8FD1F1AB49F6100FB5B75 /* PBXContainerItemProxy */;
		};
/* End PBXTargetDependency section */

/* Begin PBXVariantGroup section */
		5AB8FD121AB49F6100FB5B75 /* Main.storyboard */ = {
			isa = PBXVariantGroup;
			children = (
				5AB8FD131AB49F6100FB5B75 /* Base */,
			);
			name = Main.storyboard;
			sourceTree = "<group>";
		};
		5AB8FD171AB49F6100FB5B75 /* LaunchScreen.xib */ = {
			isa = PBXVariantGroup;
			children = (
				5AB8FD181AB49F6100FB5B75 /* Base */,
			);
			name = LaunchScreen.xib;
			sourceTree = "<group>";
		};
/* End PBXVariantGroup section */

/* Begin XCBuildConfiguration section */
		5AB8FD261AB49F6100FB5B75 /* Debug */ = {
			isa = XCBuildConfiguration;
			buildSettings = {
				ALWAYS_SEARCH_USER_PATHS = NO;
				CLANG_CXX_LANGUAGE_STANDARD = "gnu++0x";
				CLANG_CXX_LIBRARY = "libc++";
				CLANG_ENABLE_MODULES = YES;
				CLANG_ENABLE_OBJC_ARC = YES;
				CLANG_WARN_BOOL_CONVERSION = YES;
				CLANG_WARN_CONSTANT_CONVERSION = YES;
				CLANG_WARN_DIRECT_OBJC_ISA_USAGE = YES_ERROR;
				CLANG_WARN_EMPTY_BODY = YES;
				CLANG_WARN_ENUM_CONVERSION = YES;
				CLANG_WARN_INT_CONVERSION = YES;
				CLANG_WARN_OBJC_ROOT_CLASS = YES_ERROR;
				CLANG_WARN_UNREACHABLE_CODE = YES;
				CLANG_WARN__DUPLICATE_METHOD_MATCH = YES;
				"CODE_SIGN_IDENTITY[sdk=iphoneos*]" = "iPhone Developer";
				COPY_PHASE_STRIP = NO;
				ENABLE_STRICT_OBJC_MSGSEND = YES;
				GCC_C_LANGUAGE_STANDARD = gnu99;
				GCC_DYNAMIC_NO_PIC = NO;
				GCC_OPTIMIZATION_LEVEL = 0;
				GCC_PREPROCESSOR_DEFINITIONS = (
					"DEBUG=1",
					"$(inherited)",
				);
				GCC_SYMBOLS_PRIVATE_EXTERN = NO;
				GCC_WARN_64_TO_32_BIT_CONVERSION = YES;
				GCC_WARN_ABOUT_RETURN_TYPE = YES_ERROR;
				GCC_WARN_UNDECLARED_SELECTOR = YES;
				GCC_WARN_UNINITIALIZED_AUTOS = YES_AGGRESSIVE;
				GCC_WARN_UNUSED_FUNCTION = YES;
				GCC_WARN_UNUSED_VARIABLE = YES;
				IPHONEOS_DEPLOYMENT_TARGET = 8.1;
				MTL_ENABLE_DEBUG_INFO = YES;
				ONLY_ACTIVE_ARCH = YES;
				SDKROOT = iphoneos;
				SWIFT_OPTIMIZATION_LEVEL = "-Onone";
				TARGETED_DEVICE_FAMILY = "1,2";
			};
			name = Debug;
		};
		5AB8FD271AB49F6100FB5B75 /* Release */ = {
			isa = XCBuildConfiguration;
			buildSettings = {
				ALWAYS_SEARCH_USER_PATHS = NO;
				CLANG_CXX_LANGUAGE_STANDARD = "gnu++0x";
				CLANG_CXX_LIBRARY = "libc++";
				CLANG_ENABLE_MODULES = YES;
				CLANG_ENABLE_OBJC_ARC = YES;
				CLANG_WARN_BOOL_CONVERSION = YES;
				CLANG_WARN_CONSTANT_CONVERSION = YES;
				CLANG_WARN_DIRECT_OBJC_ISA_USAGE = YES_ERROR;
				CLANG_WARN_EMPTY_BODY = YES;
				CLANG_WARN_ENUM_CONVERSION = YES;
				CLANG_WARN_INT_CONVERSION = YES;
				CLANG_WARN_OBJC_ROOT_CLASS = YES_ERROR;
				CLANG_WARN_UNREACHABLE_CODE = YES;
				CLANG_WARN__DUPLICATE_METHOD_MATCH = YES;
				"CODE_SIGN_IDENTITY[sdk=iphoneos*]" = "iPhone Developer";
				COPY_PHASE_STRIP = YES;
				ENABLE_NS_ASSERTIONS = NO;
				ENABLE_STRICT_OBJC_MSGSEND = YES;
				GCC_C_LANGUAGE_STANDARD = gnu99;
				GCC_WARN_64_TO_32_BIT_CONVERSION = YES;
				GCC_WARN_ABOUT_RETURN_TYPE = YES_ERROR;
				GCC_WARN_UNDECLARED_SELECTOR = YES;
				GCC_WARN_UNINITIALIZED_AUTOS = YES_AGGRESSIVE;
				GCC_WARN_UNUSED_FUNCTION = YES;
				GCC_WARN_UNUSED_VARIABLE = YES;
				IPHONEOS_DEPLOYMENT_TARGET = 8.1;
				MTL_ENABLE_DEBUG_INFO = NO;
				SDKROOT = iphoneos;
				TARGETED_DEVICE_FAMILY = "1,2";
				VALIDATE_PRODUCT = YES;
			};
			name = Release;
		};
		5AB8FD291AB49F6100FB5B75 /* Debug */ = {
			isa = XCBuildConfiguration;
			buildSettings = {
				ASSETCATALOG_COMPILER_APPICON_NAME = AppIcon;
				INFOPLIST_FILE = "PhotoCloud-EventManager/Info.plist";
				LD_RUNPATH_SEARCH_PATHS = "$(inherited) @executable_path/Frameworks";
				PRODUCT_NAME = "$(TARGET_NAME)";
				SWIFT_OBJC_BRIDGING_HEADER = "/Users/neginhodaie/Desktop/David's Projects/PhotoCloud-EventManager/PhotoCloud-EventManager/PhotoCloud-EventManager/PhotoCloud-EventManager-Bridging-Header.h";
			};
			name = Debug;
		};
		5AB8FD2A1AB49F6100FB5B75 /* Release */ = {
			isa = XCBuildConfiguration;
			buildSettings = {
				ASSETCATALOG_COMPILER_APPICON_NAME = AppIcon;
				INFOPLIST_FILE = "PhotoCloud-EventManager/Info.plist";
				LD_RUNPATH_SEARCH_PATHS = "$(inherited) @executable_path/Frameworks";
				PRODUCT_NAME = "$(TARGET_NAME)";
				SWIFT_OBJC_BRIDGING_HEADER = "/Users/neginhodaie/Desktop/David's Projects/PhotoCloud-EventManager/PhotoCloud-EventManager/PhotoCloud-EventManager/PhotoCloud-EventManager-Bridging-Header.h";
			};
			name = Release;
		};
		5AB8FD2C1AB49F6100FB5B75 /* Debug */ = {
			isa = XCBuildConfiguration;
			buildSettings = {
				BUNDLE_LOADER = "$(TEST_HOST)";
				FRAMEWORK_SEARCH_PATHS = (
					"$(SDKROOT)/Developer/Library/Frameworks",
					"$(inherited)",
				);
				GCC_PREPROCESSOR_DEFINITIONS = (
					"DEBUG=1",
					"$(inherited)",
				);
				INFOPLIST_FILE = "PhotoCloud-EventManagerTests/Info.plist";
				LD_RUNPATH_SEARCH_PATHS = "$(inherited) @executable_path/Frameworks @loader_path/Frameworks";
				PRODUCT_NAME = "$(TARGET_NAME)";
				TEST_HOST = "$(BUILT_PRODUCTS_DIR)/PhotoCloud-EventManager.app/PhotoCloud-EventManager";
			};
			name = Debug;
		};
		5AB8FD2D1AB49F6100FB5B75 /* Release */ = {
			isa = XCBuildConfiguration;
			buildSettings = {
				BUNDLE_LOADER = "$(TEST_HOST)";
				FRAMEWORK_SEARCH_PATHS = (
					"$(SDKROOT)/Developer/Library/Frameworks",
					"$(inherited)",
				);
				INFOPLIST_FILE = "PhotoCloud-EventManagerTests/Info.plist";
				LD_RUNPATH_SEARCH_PATHS = "$(inherited) @executable_path/Frameworks @loader_path/Frameworks";
				PRODUCT_NAME = "$(TARGET_NAME)";
				TEST_HOST = "$(BUILT_PRODUCTS_DIR)/PhotoCloud-EventManager.app/PhotoCloud-EventManager";
			};
			name = Release;
		};
/* End XCBuildConfiguration section */

/* Begin XCConfigurationList section */
		5AB8FD041AB49F6000FB5B75 /* Build configuration list for PBXProject "PhotoCloud-EventManager" */ = {
			isa = XCConfigurationList;
			buildConfigurations = (
				5AB8FD261AB49F6100FB5B75 /* Debug */,
				5AB8FD271AB49F6100FB5B75 /* Release */,
			);
			defaultConfigurationIsVisible = 0;
			defaultConfigurationName = Release;
		};
		5AB8FD281AB49F6100FB5B75 /* Build configuration list for PBXNativeTarget "PhotoCloud-EventManager" */ = {
			isa = XCConfigurationList;
			buildConfigurations = (
				5AB8FD291AB49F6100FB5B75 /* Debug */,
				5AB8FD2A1AB49F6100FB5B75 /* Release */,
			);
			defaultConfigurationIsVisible = 0;
			defaultConfigurationName = Release;
		};
		5AB8FD2B1AB49F6100FB5B75 /* Build configuration list for PBXNativeTarget "PhotoCloud-EventManagerTests" */ = {
			isa = XCConfigurationList;
			buildConfigurations = (
				5AB8FD2C1AB49F6100FB5B75 /* Debug */,
				5AB8FD2D1AB49F6100FB5B75 /* Release */,
			);
			defaultConfigurationIsVisible = 0;
			defaultConfigurationName = Release;
		};
/* End XCConfigurationList section */

/* Begin XCVersionGroup section */
		C568811D1AB4EF6C001073F6 /* EventsModel.xcdatamodeld */ = {
			isa = XCVersionGroup;
			children = (
				C568811E1AB4EF6C001073F6 /* EventsModel.xcdatamodel */,
			);
			currentVersion = C568811E1AB4EF6C001073F6 /* EventsModel.xcdatamodel */;
			path = EventsModel.xcdatamodeld;
			sourceTree = "<group>";
			versionGroupType = wrapper.xcdatamodel;
		};
/* End XCVersionGroup section */
	};
	rootObject = 5AB8FD011AB49F6000FB5B75 /* Project object */;
}
